// !$*UTF8*$!
{
	archiveVersion = 1;
	classes = {
	};
	objectVersion = 46;
	objects = {

/* Begin PBXBuildFile section */
		408533C01A019728002D54B5 /* main.m in Sources */ = {isa = PBXBuildFile; fileRef = 408533BF1A019728002D54B5 /* main.m */; };
		408533CF1A019772002D54B5 /* Tests.m in Sources */ = {isa = PBXBuildFile; fileRef = 408533CE1A019772002D54B5 /* Tests.m */; };
		696C113008B54F2893879309 /* OrderSubmittedEvent.m in Sources */ = {isa = PBXBuildFile; fileRef = 696C1A41AFB9E71012D19E62 /* OrderSubmittedEvent.m */; };
		696C11A66EE1EE4B0A002C42 /* Money.m in Sources */ = {isa = PBXBuildFile; fileRef = 696C13F110E998261AB61449 /* Money.m */; };
		696C11D5165F2E704F450FE1 /* Product.m in Sources */ = {isa = PBXBuildFile; fileRef = 696C1CE722BA3AECF938F7A1 /* Product.m */; };
		696C145198C49D1695AA0A2C /* ProductRepository.m in Sources */ = {isa = PBXBuildFile; fileRef = 696C16A627693E35C0E9C414 /* ProductRepository.m */; };
		696C1778903A5397CF985563 /* OrderRepository.m in Sources */ = {isa = PBXBuildFile; fileRef = 696C156DD820CCAF830FD7E2 /* OrderRepository.m */; };
		696C177DBCB5EF89521E4AD1 /* GenericRepository.m in Sources */ = {isa = PBXBuildFile; fileRef = 696C115838ECCBFDDE86B960 /* GenericRepository.m */; };
		696C17F46DE20106CBF5B33B /* OrderRepository.m in Sources */ = {isa = PBXBuildFile; fileRef = 696C156DD820CCAF830FD7E2 /* OrderRepository.m */; };
		696C186921FC07BA92E49952 /* EventPublisher.m in Sources */ = {isa = PBXBuildFile; fileRef = 696C1B270B461412B14C3040 /* EventPublisher.m */; };
		696C18971389B52F39E1DD2D /* OrderFactory.m in Sources */ = {isa = PBXBuildFile; fileRef = 696C12E1110FD75ABF082E24 /* OrderFactory.m */; };
		696C1981F35F09B1BD6965B7 /* ProductRepository.m in Sources */ = {isa = PBXBuildFile; fileRef = 696C16A627693E35C0E9C414 /* ProductRepository.m */; };
		696C1A071580C6ACE0B5CF9D /* GenericRepository.m in Sources */ = {isa = PBXBuildFile; fileRef = 696C115838ECCBFDDE86B960 /* GenericRepository.m */; };
		696C1AC33F6CED1368D6C85B /* Order.m in Sources */ = {isa = PBXBuildFile; fileRef = 696C1FE7466407E6A39396A8 /* Order.m */; };
		696C1BD44D28CE18312F15FA /* PurchaseApplicationService.m in Sources */ = {isa = PBXBuildFile; fileRef = 696C1816671BC17BF5309471 /* PurchaseApplicationService.m */; };
		696C1BDC2E562A15BDC57A57 /* Customer.m in Sources */ = {isa = PBXBuildFile; fileRef = 696C1B715CA756F2A742FD7C /* Customer.m */; };
		696C1C40455026C21CEF9309 /* OrderedProduct.m in Sources */ = {isa = PBXBuildFile; fileRef = 696C178D30C033218A9B00DA /* OrderedProduct.m */; };
		696C1D8766A1BC03F2ED027D /* OrderLine.m in Sources */ = {isa = PBXBuildFile; fileRef = 696C1EB8B3607E6C32C8EEBF /* OrderLine.m */; };
/* End PBXBuildFile section */

/* Begin PBXCopyFilesBuildPhase section */
		408533BA1A019728002D54B5 /* CopyFiles */ = {
			isa = PBXCopyFilesBuildPhase;
			buildActionMask = 2147483647;
			dstPath = /usr/share/man/man1/;
			dstSubfolderSpec = 0;
			files = (
			);
			runOnlyForDeploymentPostprocessing = 1;
		};
/* End PBXCopyFilesBuildPhase section */

/* Begin PBXFileReference section */
		408533BC1A019728002D54B5 /* DDDemo */ = {isa = PBXFileReference; explicitFileType = "compiled.mach-o.executable"; includeInIndex = 0; path = DDDemo; sourceTree = BUILT_PRODUCTS_DIR; };
		408533BF1A019728002D54B5 /* main.m */ = {isa = PBXFileReference; lastKnownFileType = sourcecode.c.objc; path = main.m; sourceTree = "<group>"; };
		408533CA1A019772002D54B5 /* Tests.xctest */ = {isa = PBXFileReference; explicitFileType = wrapper.cfbundle; includeInIndex = 0; path = Tests.xctest; sourceTree = BUILT_PRODUCTS_DIR; };
		408533CD1A019772002D54B5 /* Info.plist */ = {isa = PBXFileReference; lastKnownFileType = text.plist.xml; path = Info.plist; sourceTree = "<group>"; };
		408533CE1A019772002D54B5 /* Tests.m */ = {isa = PBXFileReference; lastKnownFileType = sourcecode.c.objc; path = Tests.m; sourceTree = "<group>"; };
		696C100AFAAB36889A339B21 /* Product.h */ = {isa = PBXFileReference; fileEncoding = 4; lastKnownFileType = sourcecode.c.h; path = Product.h; sourceTree = "<group>"; };
		696C112FA7A29C9E431948E1 /* OrderedProduct.h */ = {isa = PBXFileReference; fileEncoding = 4; lastKnownFileType = sourcecode.c.h; path = OrderedProduct.h; sourceTree = "<group>"; };
		696C115838ECCBFDDE86B960 /* GenericRepository.m */ = {isa = PBXFileReference; fileEncoding = 4; lastKnownFileType = sourcecode.c.objc; path = GenericRepository.m; sourceTree = "<group>"; };
		696C1234E26E104FAA7556C3 /* EventPublisher.h */ = {isa = PBXFileReference; fileEncoding = 4; lastKnownFileType = sourcecode.c.h; path = EventPublisher.h; sourceTree = "<group>"; };
		696C12E1110FD75ABF082E24 /* OrderFactory.m */ = {isa = PBXFileReference; fileEncoding = 4; lastKnownFileType = sourcecode.c.objc; path = OrderFactory.m; sourceTree = "<group>"; };
		696C135AD155B2DEF63B29BE /* OrderRepository.h */ = {isa = PBXFileReference; fileEncoding = 4; lastKnownFileType = sourcecode.c.h; path = OrderRepository.h; sourceTree = "<group>"; };
		696C13F110E998261AB61449 /* Money.m */ = {isa = PBXFileReference; fileEncoding = 4; lastKnownFileType = sourcecode.c.objc; path = Money.m; sourceTree = "<group>"; };
		696C156DD820CCAF830FD7E2 /* OrderRepository.m */ = {isa = PBXFileReference; fileEncoding = 4; lastKnownFileType = sourcecode.c.objc; path = OrderRepository.m; sourceTree = "<group>"; };
		696C16A627693E35C0E9C414 /* ProductRepository.m */ = {isa = PBXFileReference; fileEncoding = 4; lastKnownFileType = sourcecode.c.objc; path = ProductRepository.m; sourceTree = "<group>"; };
		696C16AA30D6E7CC73E9D3C2 /* OrderLine.h */ = {isa = PBXFileReference; fileEncoding = 4; lastKnownFileType = sourcecode.c.h; path = OrderLine.h; sourceTree = "<group>"; };
		696C16E79AB559233668B8BC /* PurchaseApplicationService.h */ = {isa = PBXFileReference; fileEncoding = 4; lastKnownFileType = sourcecode.c.h; path = PurchaseApplicationService.h; sourceTree = "<group>"; };
		696C178D30C033218A9B00DA /* OrderedProduct.m */ = {isa = PBXFileReference; fileEncoding = 4; lastKnownFileType = sourcecode.c.objc; path = OrderedProduct.m; sourceTree = "<group>"; };
		696C1816671BC17BF5309471 /* PurchaseApplicationService.m */ = {isa = PBXFileReference; fileEncoding = 4; lastKnownFileType = sourcecode.c.objc; path = PurchaseApplicationService.m; sourceTree = "<group>"; };
		696C1924926DD21292A175B6 /* ProductRepository.h */ = {isa = PBXFileReference; fileEncoding = 4; lastKnownFileType = sourcecode.c.h; path = ProductRepository.h; sourceTree = "<group>"; };
		696C1A41AFB9E71012D19E62 /* OrderSubmittedEvent.m */ = {isa = PBXFileReference; fileEncoding = 4; lastKnownFileType = sourcecode.c.objc; path = OrderSubmittedEvent.m; sourceTree = "<group>"; };
		696C1A4E562A0EB701566F01 /* OrderSubmittedEvent.h */ = {isa = PBXFileReference; fileEncoding = 4; lastKnownFileType = sourcecode.c.h; path = OrderSubmittedEvent.h; sourceTree = "<group>"; };
		696C1A7D196481534E93A0CC /* OrderFactory.h */ = {isa = PBXFileReference; fileEncoding = 4; lastKnownFileType = sourcecode.c.h; path = OrderFactory.h; sourceTree = "<group>"; };
		696C1B270B461412B14C3040 /* EventPublisher.m */ = {isa = PBXFileReference; fileEncoding = 4; lastKnownFileType = sourcecode.c.objc; path = EventPublisher.m; sourceTree = "<group>"; };
		696C1B715CA756F2A742FD7C /* Customer.m */ = {isa = PBXFileReference; fileEncoding = 4; lastKnownFileType = sourcecode.c.objc; path = Customer.m; sourceTree = "<group>"; };
		696C1C0E04E446D700CE1D61 /* Money.h */ = {isa = PBXFileReference; fileEncoding = 4; lastKnownFileType = sourcecode.c.h; path = Money.h; sourceTree = "<group>"; };
		696C1C7A655D135DB0CD3658 /* RebatePolicy.h */ = {isa = PBXFileReference; fileEncoding = 4; lastKnownFileType = sourcecode.c.h; path = RebatePolicy.h; sourceTree = "<group>"; };
		696C1CE722BA3AECF938F7A1 /* Product.m */ = {isa = PBXFileReference; fileEncoding = 4; lastKnownFileType = sourcecode.c.objc; path = Product.m; sourceTree = "<group>"; };
		696C1D8ACC53A051F239A66D /* Customer.h */ = {isa = PBXFileReference; fileEncoding = 4; lastKnownFileType = sourcecode.c.h; path = Customer.h; sourceTree = "<group>"; };
		696C1EA6434B407D80702D79 /* GenericRepository.h */ = {isa = PBXFileReference; fileEncoding = 4; lastKnownFileType = sourcecode.c.h; path = GenericRepository.h; sourceTree = "<group>"; };
		696C1EB8B3607E6C32C8EEBF /* OrderLine.m */ = {isa = PBXFileReference; fileEncoding = 4; lastKnownFileType = sourcecode.c.objc; path = OrderLine.m; sourceTree = "<group>"; };
		696C1F6BA0C2514EC95F6549 /* Order.h */ = {isa = PBXFileReference; fileEncoding = 4; lastKnownFileType = sourcecode.c.h; path = Order.h; sourceTree = "<group>"; };
		696C1FE7466407E6A39396A8 /* Order.m */ = {isa = PBXFileReference; fileEncoding = 4; lastKnownFileType = sourcecode.c.objc; path = Order.m; sourceTree = "<group>"; };
/* End PBXFileReference section */

/* Begin PBXFrameworksBuildPhase section */
		408533B91A019728002D54B5 /* Frameworks */ = {
			isa = PBXFrameworksBuildPhase;
			buildActionMask = 2147483647;
			files = (
			);
			runOnlyForDeploymentPostprocessing = 0;
		};
		408533C71A019772002D54B5 /* Frameworks */ = {
			isa = PBXFrameworksBuildPhase;
			buildActionMask = 2147483647;
			files = (
			);
			runOnlyForDeploymentPostprocessing = 0;
		};
/* End PBXFrameworksBuildPhase section */

/* Begin PBXGroup section */
		408533B31A019728002D54B5 = {
			isa = PBXGroup;
			children = (
				408533BE1A019728002D54B5 /* DDDemo */,
				408533CB1A019772002D54B5 /* Tests */,
				408533BD1A019728002D54B5 /* Products */,
			);
			sourceTree = "<group>";
		};
		408533BD1A019728002D54B5 /* Products */ = {
			isa = PBXGroup;
			children = (
				408533BC1A019728002D54B5 /* DDDemo */,
				408533CA1A019772002D54B5 /* Tests.xctest */,
			);
			name = Products;
			sourceTree = "<group>";
		};
		408533BE1A019728002D54B5 /* DDDemo */ = {
			isa = PBXGroup;
			children = (
				408533BF1A019728002D54B5 /* main.m */,
				696C158A49EA20D8456F070E /* Domain */,
				696C1A6059E2B618634FDC26 /* Events */,
				696C1F255E027C0DD0B03CE7 /* ApplicationService */,
				696C1DB2CAAD3246167B5106 /* Aggregate */,
				696C117D2823229CA6D6A833 /* Policy */,
				696C12DB334F02710BF7E311 /* Factory */,
				696C1CB52AE666CE8CA92EB5 /* Repository */,
			);
			path = DDDemo;
			sourceTree = "<group>";
		};
		408533CB1A019772002D54B5 /* Tests */ = {
			isa = PBXGroup;
			children = (
				408533CE1A019772002D54B5 /* Tests.m */,
				408533CC1A019772002D54B5 /* Supporting Files */,
			);
			path = Tests;
			sourceTree = "<group>";
		};
		408533CC1A019772002D54B5 /* Supporting Files */ = {
			isa = PBXGroup;
			children = (
				408533CD1A019772002D54B5 /* Info.plist */,
			);
			name = "Supporting Files";
			sourceTree = "<group>";
		};
		696C117D2823229CA6D6A833 /* Policy */ = {
			isa = PBXGroup;
			children = (
				696C1C7A655D135DB0CD3658 /* RebatePolicy.h */,
			);
			path = Policy;
			sourceTree = "<group>";
		};
		696C12DB334F02710BF7E311 /* Factory */ = {
			isa = PBXGroup;
			children = (
				696C1A7D196481534E93A0CC /* OrderFactory.h */,
				696C12E1110FD75ABF082E24 /* OrderFactory.m */,
			);
			path = Factory;
			sourceTree = "<group>";
		};
		696C158A49EA20D8456F070E /* Domain */ = {
			isa = PBXGroup;
			children = (
				696C1C0E04E446D700CE1D61 /* Money.h */,
				696C13F110E998261AB61449 /* Money.m */,
				696C100AFAAB36889A339B21 /* Product.h */,
				696C1CE722BA3AECF938F7A1 /* Product.m */,
				696C1D8ACC53A051F239A66D /* Customer.h */,
				696C1B715CA756F2A742FD7C /* Customer.m */,
				696C16AA30D6E7CC73E9D3C2 /* OrderLine.h */,
				696C1EB8B3607E6C32C8EEBF /* OrderLine.m */,
				696C112FA7A29C9E431948E1 /* OrderedProduct.h */,
				696C178D30C033218A9B00DA /* OrderedProduct.m */,
			);
			path = Domain;
			sourceTree = "<group>";
		};
		696C1A6059E2B618634FDC26 /* Events */ = {
			isa = PBXGroup;
			children = (
				696C1234E26E104FAA7556C3 /* EventPublisher.h */,
				696C1B270B461412B14C3040 /* EventPublisher.m */,
				696C1A4E562A0EB701566F01 /* OrderSubmittedEvent.h */,
				696C1A41AFB9E71012D19E62 /* OrderSubmittedEvent.m */,
			);
			path = Events;
			sourceTree = "<group>";
		};
		696C1CB52AE666CE8CA92EB5 /* Repository */ = {
			isa = PBXGroup;
			children = (
				696C156DD820CCAF830FD7E2 /* OrderRepository.m */,
				696C135AD155B2DEF63B29BE /* OrderRepository.h */,
				696C115838ECCBFDDE86B960 /* GenericRepository.m */,
				696C1EA6434B407D80702D79 /* GenericRepository.h */,
				696C16A627693E35C0E9C414 /* ProductRepository.m */,
				696C1924926DD21292A175B6 /* ProductRepository.h */,
			);
			path = Repository;
			sourceTree = "<group>";
		};
		696C1DB2CAAD3246167B5106 /* Aggregate */ = {
			isa = PBXGroup;
			children = (
				696C1F6BA0C2514EC95F6549 /* Order.h */,
				696C1FE7466407E6A39396A8 /* Order.m */,
			);
			path = Aggregate;
			sourceTree = "<group>";
		};
		696C1F255E027C0DD0B03CE7 /* ApplicationService */ = {
			isa = PBXGroup;
			children = (
				696C16E79AB559233668B8BC /* PurchaseApplicationService.h */,
				696C1816671BC17BF5309471 /* PurchaseApplicationService.m */,
			);
			path = ApplicationService;
			sourceTree = "<group>";
		};
/* End PBXGroup section */

/* Begin PBXNativeTarget section */
		408533BB1A019728002D54B5 /* DDDemo */ = {
			isa = PBXNativeTarget;
			buildConfigurationList = 408533C31A019728002D54B5 /* Build configuration list for PBXNativeTarget "DDDemo" */;
			buildPhases = (
				408533B81A019728002D54B5 /* Sources */,
				408533B91A019728002D54B5 /* Frameworks */,
				408533BA1A019728002D54B5 /* CopyFiles */,
			);
			buildRules = (
			);
			dependencies = (
			);
			name = DDDemo;
			productName = DDDemo;
			productReference = 408533BC1A019728002D54B5 /* DDDemo */;
			productType = "com.apple.product-type.tool";
		};
		408533C91A019772002D54B5 /* Tests */ = {
			isa = PBXNativeTarget;
			buildConfigurationList = 408533D01A019772002D54B5 /* Build configuration list for PBXNativeTarget "Tests" */;
			buildPhases = (
				408533C61A019772002D54B5 /* Sources */,
				408533C71A019772002D54B5 /* Frameworks */,
				408533C81A019772002D54B5 /* Resources */,
			);
			buildRules = (
			);
			dependencies = (
			);
			name = Tests;
			productName = Tests;
			productReference = 408533CA1A019772002D54B5 /* Tests.xctest */;
			productType = "com.apple.product-type.bundle.unit-test";
		};
/* End PBXNativeTarget section */

/* Begin PBXProject section */
		408533B41A019728002D54B5 /* Project object */ = {
			isa = PBXProject;
			attributes = {
				LastUpgradeCheck = 0610;
				ORGANIZATIONNAME = Tomek;
				TargetAttributes = {
					408533BB1A019728002D54B5 = {
						CreatedOnToolsVersion = 6.1;
					};
					408533C91A019772002D54B5 = {
						CreatedOnToolsVersion = 6.1;
					};
				};
			};
			buildConfigurationList = 408533B71A019728002D54B5 /* Build configuration list for PBXProject "DDDemo" */;
			compatibilityVersion = "Xcode 3.2";
			developmentRegion = English;
			hasScannedForEncodings = 0;
			knownRegions = (
				en,
			);
			mainGroup = 408533B31A019728002D54B5;
			productRefGroup = 408533BD1A019728002D54B5 /* Products */;
			projectDirPath = "";
			projectRoot = "";
			targets = (
				408533BB1A019728002D54B5 /* DDDemo */,
				408533C91A019772002D54B5 /* Tests */,
			);
		};
/* End PBXProject section */

/* Begin PBXResourcesBuildPhase section */
		408533C81A019772002D54B5 /* Resources */ = {
			isa = PBXResourcesBuildPhase;
			buildActionMask = 2147483647;
			files = (
			);
			runOnlyForDeploymentPostprocessing = 0;
		};
/* End PBXResourcesBuildPhase section */

/* Begin PBXSourcesBuildPhase section */
		408533B81A019728002D54B5 /* Sources */ = {
			isa = PBXSourcesBuildPhase;
			buildActionMask = 2147483647;
			files = (
				408533C01A019728002D54B5 /* main.m in Sources */,
				696C11A66EE1EE4B0A002C42 /* Money.m in Sources */,
				696C11D5165F2E704F450FE1 /* Product.m in Sources */,
				696C1BDC2E562A15BDC57A57 /* Customer.m in Sources */,
				696C1D8766A1BC03F2ED027D /* OrderLine.m in Sources */,
				696C1C40455026C21CEF9309 /* OrderedProduct.m in Sources */,
				696C186921FC07BA92E49952 /* EventPublisher.m in Sources */,
				696C113008B54F2893879309 /* OrderSubmittedEvent.m in Sources */,
				696C1BD44D28CE18312F15FA /* PurchaseApplicationService.m in Sources */,
				696C1AC33F6CED1368D6C85B /* Order.m in Sources */,
				696C18971389B52F39E1DD2D /* OrderFactory.m in Sources */,
				696C17F46DE20106CBF5B33B /* OrderRepository.m in Sources */,
				696C177DBCB5EF89521E4AD1 /* GenericRepository.m in Sources */,
				696C145198C49D1695AA0A2C /* ProductRepository.m in Sources */,
			);
			runOnlyForDeploymentPostprocessing = 0;
		};
		408533C61A019772002D54B5 /* Sources */ = {
			isa = PBXSourcesBuildPhase;
			buildActionMask = 2147483647;
			files = (
				408533CF1A019772002D54B5 /* Tests.m in Sources */,
				696C1778903A5397CF985563 /* OrderRepository.m in Sources */,
				696C1A071580C6ACE0B5CF9D /* GenericRepository.m in Sources */,
				696C1981F35F09B1BD6965B7 /* ProductRepository.m in Sources */,
			);
			runOnlyForDeploymentPostprocessing = 0;
		};
/* End PBXSourcesBuildPhase section */

/* Begin XCBuildConfiguration section */
		408533C11A019728002D54B5 /* Debug */ = {
			isa = XCBuildConfiguration;
			buildSettings = {
				ALWAYS_SEARCH_USER_PATHS = NO;
				CLANG_CXX_LANGUAGE_STANDARD = "gnu++0x";
				CLANG_CXX_LIBRARY = "libc++";
				CLANG_ENABLE_MODULES = YES;
				CLANG_ENABLE_OBJC_ARC = YES;
				CLANG_WARN_BOOL_CONVERSION = YES;
				CLANG_WARN_CONSTANT_CONVERSION = YES;
				CLANG_WARN_DIRECT_OBJC_ISA_USAGE = YES_ERROR;
				CLANG_WARN_EMPTY_BODY = YES;
				CLANG_WARN_ENUM_CONVERSION = YES;
				CLANG_WARN_INT_CONVERSION = YES;
				CLANG_WARN_OBJC_ROOT_CLASS = YES_ERROR;
				CLANG_WARN_UNREACHABLE_CODE = YES;
				CLANG_WARN__DUPLICATE_METHOD_MATCH = YES;
				COPY_PHASE_STRIP = NO;
				ENABLE_STRICT_OBJC_MSGSEND = YES;
				GCC_C_LANGUAGE_STANDARD = gnu99;
				GCC_DYNAMIC_NO_PIC = NO;
				GCC_OPTIMIZATION_LEVEL = 0;
				GCC_PREPROCESSOR_DEFINITIONS = (
					"DEBUG=1",
					"$(inherited)",
				);
				GCC_SYMBOLS_PRIVATE_EXTERN = NO;
				GCC_WARN_64_TO_32_BIT_CONVERSION = YES;
				GCC_WARN_ABOUT_RETURN_TYPE = YES_ERROR;
				GCC_WARN_UNDECLARED_SELECTOR = YES;
				GCC_WARN_UNINITIALIZED_AUTOS = YES_AGGRESSIVE;
				GCC_WARN_UNUSED_FUNCTION = YES;
				GCC_WARN_UNUSED_VARIABLE = YES;
				MACOSX_DEPLOYMENT_TARGET = 10.10;
				MTL_ENABLE_DEBUG_INFO = YES;
				ONLY_ACTIVE_ARCH = YES;
				SDKROOT = macosx;
			};
			name = Debug;
		};
		408533C21A019728002D54B5 /* Release */ = {
			isa = XCBuildConfiguration;
			buildSettings = {
				ALWAYS_SEARCH_USER_PATHS = NO;
				CLANG_CXX_LANGUAGE_STANDARD = "gnu++0x";
				CLANG_CXX_LIBRARY = "libc++";
				CLANG_ENABLE_MODULES = YES;
				CLANG_ENABLE_OBJC_ARC = YES;
				CLANG_WARN_BOOL_CONVERSION = YES;
				CLANG_WARN_CONSTANT_CONVERSION = YES;
				CLANG_WARN_DIRECT_OBJC_ISA_USAGE = YES_ERROR;
				CLANG_WARN_EMPTY_BODY = YES;
				CLANG_WARN_ENUM_CONVERSION = YES;
				CLANG_WARN_INT_CONVERSION = YES;
				CLANG_WARN_OBJC_ROOT_CLASS = YES_ERROR;
				CLANG_WARN_UNREACHABLE_CODE = YES;
				CLANG_WARN__DUPLICATE_METHOD_MATCH = YES;
				COPY_PHASE_STRIP = YES;
				DEBUG_INFORMATION_FORMAT = "dwarf-with-dsym";
				ENABLE_NS_ASSERTIONS = NO;
				ENABLE_STRICT_OBJC_MSGSEND = YES;
				GCC_C_LANGUAGE_STANDARD = gnu99;
				GCC_WARN_64_TO_32_BIT_CONVERSION = YES;
				GCC_WARN_ABOUT_RETURN_TYPE = YES_ERROR;
				GCC_WARN_UNDECLARED_SELECTOR = YES;
				GCC_WARN_UNINITIALIZED_AUTOS = YES_AGGRESSIVE;
				GCC_WARN_UNUSED_FUNCTION = YES;
				GCC_WARN_UNUSED_VARIABLE = YES;
				MACOSX_DEPLOYMENT_TARGET = 10.10;
				MTL_ENABLE_DEBUG_INFO = NO;
				SDKROOT = macosx;
			};
			name = Release;
		};
		408533C41A019728002D54B5 /* Debug */ = {
			isa = XCBuildConfiguration;
			buildSettings = {
				PRODUCT_NAME = "$(TARGET_NAME)";
			};
			name = Debug;
		};
		408533C51A019728002D54B5 /* Release */ = {
			isa = XCBuildConfiguration;
			buildSettings = {
				PRODUCT_NAME = "$(TARGET_NAME)";
			};
			name = Release;
		};
		408533D11A019772002D54B5 /* Debug */ = {
			isa = XCBuildConfiguration;
			buildSettings = {
				COMBINE_HIDPI_IMAGES = YES;
				FRAMEWORK_SEARCH_PATHS = (
					"$(DEVELOPER_FRAMEWORKS_DIR)",
					"$(inherited)",
				);
				GCC_PREPROCESSOR_DEFINITIONS = (
					"DEBUG=1",
					"$(inherited)",
				);
				INFOPLIST_FILE = Tests/Info.plist;
				LD_RUNPATH_SEARCH_PATHS = "$(inherited) @executable_path/../Frameworks @loader_path/../Frameworks";
				PRODUCT_NAME = "$(TARGET_NAME)";
			};
			name = Debug;
		};
		408533D21A019772002D54B5 /* Release */ = {
			isa = XCBuildConfiguration;
			buildSettings = {
				COMBINE_HIDPI_IMAGES = YES;
				FRAMEWORK_SEARCH_PATHS = (
					"$(DEVELOPER_FRAMEWORKS_DIR)",
					"$(inherited)",
				);
				INFOPLIST_FILE = Tests/Info.plist;
				LD_RUNPATH_SEARCH_PATHS = "$(inherited) @executable_path/../Frameworks @loader_path/../Frameworks";
				PRODUCT_NAME = "$(TARGET_NAME)";
			};
			name = Release;
		};
/* End XCBuildConfiguration section */

/* Begin XCConfigurationList section */
		408533B71A019728002D54B5 /* Build configuration list for PBXProject "DDDemo" */ = {
			isa = XCConfigurationList;
			buildConfigurations = (
				408533C11A019728002D54B5 /* Debug */,
				408533C21A019728002D54B5 /* Release */,
			);
			defaultConfigurationIsVisible = 0;
			defaultConfigurationName = Release;
		};
		408533C31A019728002D54B5 /* Build configuration list for PBXNativeTarget "DDDemo" */ = {
			isa = XCConfigurationList;
			buildConfigurations = (
				408533C41A019728002D54B5 /* Debug */,
				408533C51A019728002D54B5 /* Release */,
			);
			defaultConfigurationIsVisible = 0;
		};
		408533D01A019772002D54B5 /* Build configuration list for PBXNativeTarget "Tests" */ = {
			isa = XCConfigurationList;
			buildConfigurations = (
				408533D11A019772002D54B5 /* Debug */,
				408533D21A019772002D54B5 /* Release */,
			);
			defaultConfigurationIsVisible = 0;
		};
/* End XCConfigurationList section */
	};
	rootObject = 408533B41A019728002D54B5 /* Project object */;
}
